
Microsoft Visual Studio Solution File, Format Version 12.00
# Visual Studio Version 16
VisualStudioVersion = 16.0.30204.135
MinimumVisualStudioVersion = 10.0.40219.1
Project("{FAE04EC0-301F-11D3-BF4B-00C04F79EFBC}") = "EShoppingWebsite", "EShoppingWebsite\EShoppingWebsite.csproj", "{6193EB01-DD8D-4DB6-BC25-DDA05350F931}"
EndProject
Project("{2150E333-8FDC-42A3-9474-1A3956D46DE8}") = "Solution Items", "Solution Items", "{BE5E9FFD-4C0F-42B0-8E8B-9CFD79C90E4C}"
	ProjectSection(SolutionItems) = preProject
		StyleSheet1.css = StyleSheet1.css
	EndProjectSection
EndProject
Global
	GlobalSection(SolutionConfigurationPlatforms) = preSolution
		Debug|Any CPU = Debug|Any CPU
		Release|Any CPU = Release|Any CPU
	EndGlobalSection
	GlobalSection(ProjectConfigurationPlatforms) = postSolution
		{6193EB01-DD8D-4DB6-BC25-DDA05350F931}.Debug|Any CPU.ActiveCfg = Debug|Any CPU
		{6193EB01-DD8D-4DB6-BC25-DDA05350F931}.Debug|Any CPU.Build.0 = Debug|Any CPU
		{6193EB01-DD8D-4DB6-BC25-DDA05350F931}.Release|Any CPU.ActiveCfg = Release|Any CPU
		{6193EB01-DD8D-4DB6-BC25-DDA05350F931}.Release|Any CPU.Build.0 = Release|Any CPU
	EndGlobalSection
	GlobalSection(SolutionProperties) = preSolution
		HideSolutionNode = FALSE
	EndGlobalSection
	GlobalSection(ExtensibilityGlobals) = postSolution
		SolutionGuid = {D704776F-FBA3-41C9-BC8E-2FC78F9B6F9B}
	EndGlobalSection
EndGlobal
